FORGE
  remote: https://forgeapi.puppetlabs.com
  specs:
    attachmentgenie-ufw (1.4.9)
      puppetlabs-stdlib (>= 2.2.1)
    darin-zypprepo (1.0.2)
    example42-puppi (2.1.13)
    example42-yum (2.1.27)
      example42-puppi (>= 2.0.0)
    hunner-wordpress (1.0.0)
      puppetlabs-concat (>= 1.0.0)
      puppetlabs-mysql (>= 2.1.0)
      puppetlabs-stdlib (>= 2.3.1)
    mayflower-php (3.4.2)
      darin-zypprepo (~> 1.0)
      example42-yum (~> 2.0)
      puppetlabs-apt (< 3.0.0, >= 1.0.0)
      puppetlabs-inifile (~> 1.0)
      puppetlabs-stdlib (< 5.0.0, >= 4.2.0)
    nanliu-staging (1.0.3)
    puppet-letsencrypt (1.1.0)
      puppetlabs-inifile (< 2.0.0, >= 1.4.1)
      puppetlabs-stdlib (< 5.0.0, >= 4.6.0)
      puppetlabs-vcsrepo (< 2.0.0, >= 1.3.1)
      stahnma-epel (< 2.0.0, >= 1.0.0)
    puppet-nginx (0.6.0)
      puppetlabs-apt (< 3.0.0, >= 2.1.0)
      puppetlabs-concat (< 3.0.0, >= 1.2.5)
      puppetlabs-stdlib (< 5.0.0, >= 4.6.0)
    puppetlabs-apt (2.2.2)
      puppetlabs-stdlib (< 5.0.0, >= 4.5.0)
    puppetlabs-concat (2.1.0)
      puppetlabs-stdlib (< 5.0.0, >= 3.2.0)
    puppetlabs-inifile (1.5.0)
    puppetlabs-mysql (3.7.0)
      nanliu-staging (< 2.0.0, >= 1.0.1)
      puppetlabs-stdlib (< 5.0.0, >= 3.2.0)
    puppetlabs-ntp (4.1.2)
      puppetlabs-stdlib (< 5.0.0, >= 4.6.0)
    puppetlabs-stdlib (4.11.0)
    puppetlabs-vcsrepo (1.5.0)
    saz-timezone (3.3.0)
      puppetlabs-stdlib (>= 2.3.0)
    stahnma-epel (1.2.2)
      puppetlabs-stdlib (>= 3.0.0)

DEPENDENCIES
  attachmentgenie-ufw (= 1.4.9)
  hunner-wordpress (= 1.0.0)
  mayflower-php (= 3.4.2)
  puppet-letsencrypt (= 1.1.0)
  puppet-nginx (= 0.6.0)
  puppetlabs-apt (= 2.2.2)
  puppetlabs-mysql (>= 0)
  puppetlabs-ntp (= 4.1.2)
  saz-timezone (= 3.3.0)

